
Microsoft Visual Studio Solution File, Format Version 12.00
# Visual Studio Version 17
VisualStudioVersion = 17.8.34316.72
MinimumVisualStudioVersion = 10.0.40219.1
Project("{FAE04EC0-301F-11D3-BF4B-00C04F79EFBC}") = "Bonus-Berechnung (Mehrfach-FU)", "Bonus-Berechnung (Mehrfach-FU)\Bonus-Berechnung (Mehrfach-FU).csproj", "{D45861C1-E5BA-4DB7-A998-629358DC105C}"
EndProject
Global
	GlobalSection(SolutionConfigurationPlatforms) = preSolution
		Debug|Any CPU = Debug|Any CPU
		Release|Any CPU = Release|Any CPU
	EndGlobalSection
	GlobalSection(ProjectConfigurationPlatforms) = postSolution
		{D45861C1-E5BA-4DB7-A998-629358DC105C}.Debug|Any CPU.ActiveCfg = Debug|Any CPU
		{D45861C1-E5BA-4DB7-A998-629358DC105C}.Debug|Any CPU.Build.0 = Debug|Any CPU
		{D45861C1-E5BA-4DB7-A998-629358DC105C}.Release|Any CPU.ActiveCfg = Release|Any CPU
		{D45861C1-E5BA-4DB7-A998-629358DC105C}.Release|Any CPU.Build.0 = Release|Any CPU
	EndGlobalSection
	GlobalSection(SolutionProperties) = preSolution
		HideSolutionNode = FALSE
	EndGlobalSection
	GlobalSection(ExtensibilityGlobals) = postSolution
		SolutionGuid = {1DD8A7EA-A35B-4D64-A321-96BA03108978}
	EndGlobalSection
EndGlobal
